
Microsoft Visual Studio Solution File, Format Version 12.00
# Visual Studio 2012
Project("{FAE04EC0-301F-11D3-BF4B-00C04F79EFBC}") = "Assignment 06", "Assignment 06\Assignment 06.csproj", "{B17D5484-3F44-4E49-B2CE-5C6151637672}"
EndProject
Global
	GlobalSection(SolutionConfigurationPlatforms) = preSolution
		Debug|Any CPU = Debug|Any CPU
		Release|Any CPU = Release|Any CPU
	EndGlobalSection
	GlobalSection(ProjectConfigurationPlatforms) = postSolution
		{B17D5484-3F44-4E49-B2CE-5C6151637672}.Debug|Any CPU.ActiveCfg = Debug|Any CPU
		{B17D5484-3F44-4E49-B2CE-5C6151637672}.Debug|Any CPU.Build.0 = Debug|Any CPU
		{B17D5484-3F44-4E49-B2CE-5C6151637672}.Release|Any CPU.ActiveCfg = Release|Any CPU
		{B17D5484-3F44-4E49-B2CE-5C6151637672}.Release|Any CPU.Build.0 = Release|Any CPU
	EndGlobalSection
	GlobalSection(SolutionProperties) = preSolution
		HideSolutionNode = FALSE
	EndGlobalSection
EndGlobal
