
Microsoft Visual Studio Solution File, Format Version 12.00
# Visual Studio 2012
Project("{FAE04EC0-301F-11D3-BF4B-00C04F79EFBC}") = "Assignment 07", "Assignment 07\Assignment 07.csproj", "{AC03C9C0-E280-4CC1-A635-734AE6F077C0}"
EndProject
Global
	GlobalSection(SolutionConfigurationPlatforms) = preSolution
		Debug|Any CPU = Debug|Any CPU
		Release|Any CPU = Release|Any CPU
	EndGlobalSection
	GlobalSection(ProjectConfigurationPlatforms) = postSolution
		{AC03C9C0-E280-4CC1-A635-734AE6F077C0}.Debug|Any CPU.ActiveCfg = Debug|Any CPU
		{AC03C9C0-E280-4CC1-A635-734AE6F077C0}.Debug|Any CPU.Build.0 = Debug|Any CPU
		{AC03C9C0-E280-4CC1-A635-734AE6F077C0}.Release|Any CPU.ActiveCfg = Release|Any CPU
		{AC03C9C0-E280-4CC1-A635-734AE6F077C0}.Release|Any CPU.Build.0 = Release|Any CPU
	EndGlobalSection
	GlobalSection(SolutionProperties) = preSolution
		HideSolutionNode = FALSE
	EndGlobalSection
EndGlobal
